
Microsoft Visual Studio Solution File, Format Version 12.00
Project("{2150E333-8FDC-42A3-9474-1A3956D46DE8}") = "General", "General", "{5DDC69FA-7DFF-44F2-8AE9-8D9559847AEB}"
EndProject
Project("{FAE04EC0-301F-11D3-BF4B-00C04F79EFBC}") = "Pb01_CommonItems", "Pb01_CommonItems\Pb01_CommonItems.csproj", "{1D7790EB-81A4-4963-808A-6969E56A4A28}"
EndProject
Project("{2150E333-8FDC-42A3-9474-1A3956D46DE8}") = "Datastructures", "Datastructures", "{EAC426F0-6C38-471A-B431-454FE0DF5603}"
EndProject
Project("{FAE04EC0-301F-11D3-BF4B-00C04F79EFBC}") = "Ds01_Arrays", "Ds01_Arrays\Ds01_Arrays.csproj", "{76A14EDF-18DD-4C29-96F3-FA3B889E2B29}"
EndProject
Project("{FAE04EC0-301F-11D3-BF4B-00C04F79EFBC}") = "Ds02_HashTables", "Ds02_HashTables\Ds02_HashTables.csproj", "{3EECBE33-0EDE-42D1-BD96-7C67319445AB}"
EndProject
Project("{FAE04EC0-301F-11D3-BF4B-00C04F79EFBC}") = "Ds03_LinkedList", "Ds03_LinkedList\Ds03_LinkedList.csproj", "{C28D4B08-523A-441F-80B2-26C700CBF8D6}"
EndProject
Project("{FAE04EC0-301F-11D3-BF4B-00C04F79EFBC}") = "Ds04_StacksQueues", "Ds04_StacksQueues\Ds04_StacksQueues.csproj", "{FF389B52-906D-4756-9269-E86C2B772E8D}"
EndProject
Project("{FAE04EC0-301F-11D3-BF4B-00C04F79EFBC}") = "Ds05_Trees", "Ds05_Trees\Ds05_Trees.csproj", "{F37BB823-A1D0-4EDB-89EE-C097282D1B93}"
EndProject
Project("{2150E333-8FDC-42A3-9474-1A3956D46DE8}") = "Algorithms", "Algorithms", "{FCD935C3-19A7-4C31-BFA8-76EA5DDF5704}"
EndProject
Project("{FAE04EC0-301F-11D3-BF4B-00C04F79EFBC}") = "Alg01_Recursions", "Alg01_Recursions\Alg01_Recursions.csproj", "{B7CE9AF4-B964-4C6E-B3A6-5A70C6F410FA}"
EndProject
Project("{FAE04EC0-301F-11D3-BF4B-00C04F79EFBC}") = "Alg02_Searches", "Alg02_Searches\Alg02_Searches.csproj", "{98B01DE9-D6BA-4F3F-88B0-B3EEF32A1EF5}"
EndProject
Global
	GlobalSection(SolutionConfigurationPlatforms) = preSolution
		Debug|Any CPU = Debug|Any CPU
		Release|Any CPU = Release|Any CPU
	EndGlobalSection
	GlobalSection(NestedProjects) = preSolution
		{1D7790EB-81A4-4963-808A-6969E56A4A28} = {5DDC69FA-7DFF-44F2-8AE9-8D9559847AEB}
		{76A14EDF-18DD-4C29-96F3-FA3B889E2B29} = {EAC426F0-6C38-471A-B431-454FE0DF5603}
		{3EECBE33-0EDE-42D1-BD96-7C67319445AB} = {EAC426F0-6C38-471A-B431-454FE0DF5603}
		{C28D4B08-523A-441F-80B2-26C700CBF8D6} = {EAC426F0-6C38-471A-B431-454FE0DF5603}
		{FF389B52-906D-4756-9269-E86C2B772E8D} = {EAC426F0-6C38-471A-B431-454FE0DF5603}
		{F37BB823-A1D0-4EDB-89EE-C097282D1B93} = {EAC426F0-6C38-471A-B431-454FE0DF5603}
		{B7CE9AF4-B964-4C6E-B3A6-5A70C6F410FA} = {FCD935C3-19A7-4C31-BFA8-76EA5DDF5704}
		{98B01DE9-D6BA-4F3F-88B0-B3EEF32A1EF5} = {FCD935C3-19A7-4C31-BFA8-76EA5DDF5704}
	EndGlobalSection
	GlobalSection(ProjectConfigurationPlatforms) = postSolution
		{1D7790EB-81A4-4963-808A-6969E56A4A28}.Debug|Any CPU.ActiveCfg = Debug|Any CPU
		{1D7790EB-81A4-4963-808A-6969E56A4A28}.Debug|Any CPU.Build.0 = Debug|Any CPU
		{1D7790EB-81A4-4963-808A-6969E56A4A28}.Release|Any CPU.ActiveCfg = Release|Any CPU
		{1D7790EB-81A4-4963-808A-6969E56A4A28}.Release|Any CPU.Build.0 = Release|Any CPU
		{76A14EDF-18DD-4C29-96F3-FA3B889E2B29}.Debug|Any CPU.ActiveCfg = Debug|Any CPU
		{76A14EDF-18DD-4C29-96F3-FA3B889E2B29}.Debug|Any CPU.Build.0 = Debug|Any CPU
		{76A14EDF-18DD-4C29-96F3-FA3B889E2B29}.Release|Any CPU.ActiveCfg = Release|Any CPU
		{76A14EDF-18DD-4C29-96F3-FA3B889E2B29}.Release|Any CPU.Build.0 = Release|Any CPU
		{3EECBE33-0EDE-42D1-BD96-7C67319445AB}.Debug|Any CPU.ActiveCfg = Debug|Any CPU
		{3EECBE33-0EDE-42D1-BD96-7C67319445AB}.Debug|Any CPU.Build.0 = Debug|Any CPU
		{3EECBE33-0EDE-42D1-BD96-7C67319445AB}.Release|Any CPU.ActiveCfg = Release|Any CPU
		{3EECBE33-0EDE-42D1-BD96-7C67319445AB}.Release|Any CPU.Build.0 = Release|Any CPU
		{C28D4B08-523A-441F-80B2-26C700CBF8D6}.Debug|Any CPU.ActiveCfg = Debug|Any CPU
		{C28D4B08-523A-441F-80B2-26C700CBF8D6}.Debug|Any CPU.Build.0 = Debug|Any CPU
		{C28D4B08-523A-441F-80B2-26C700CBF8D6}.Release|Any CPU.ActiveCfg = Release|Any CPU
		{C28D4B08-523A-441F-80B2-26C700CBF8D6}.Release|Any CPU.Build.0 = Release|Any CPU
		{FF389B52-906D-4756-9269-E86C2B772E8D}.Debug|Any CPU.ActiveCfg = Debug|Any CPU
		{FF389B52-906D-4756-9269-E86C2B772E8D}.Debug|Any CPU.Build.0 = Debug|Any CPU
		{FF389B52-906D-4756-9269-E86C2B772E8D}.Release|Any CPU.ActiveCfg = Release|Any CPU
		{FF389B52-906D-4756-9269-E86C2B772E8D}.Release|Any CPU.Build.0 = Release|Any CPU
		{F37BB823-A1D0-4EDB-89EE-C097282D1B93}.Debug|Any CPU.ActiveCfg = Debug|Any CPU
		{F37BB823-A1D0-4EDB-89EE-C097282D1B93}.Debug|Any CPU.Build.0 = Debug|Any CPU
		{F37BB823-A1D0-4EDB-89EE-C097282D1B93}.Release|Any CPU.ActiveCfg = Release|Any CPU
		{F37BB823-A1D0-4EDB-89EE-C097282D1B93}.Release|Any CPU.Build.0 = Release|Any CPU
		{B7CE9AF4-B964-4C6E-B3A6-5A70C6F410FA}.Debug|Any CPU.ActiveCfg = Debug|Any CPU
		{B7CE9AF4-B964-4C6E-B3A6-5A70C6F410FA}.Debug|Any CPU.Build.0 = Debug|Any CPU
		{B7CE9AF4-B964-4C6E-B3A6-5A70C6F410FA}.Release|Any CPU.ActiveCfg = Release|Any CPU
		{B7CE9AF4-B964-4C6E-B3A6-5A70C6F410FA}.Release|Any CPU.Build.0 = Release|Any CPU
		{98B01DE9-D6BA-4F3F-88B0-B3EEF32A1EF5}.Debug|Any CPU.ActiveCfg = Debug|Any CPU
		{98B01DE9-D6BA-4F3F-88B0-B3EEF32A1EF5}.Debug|Any CPU.Build.0 = Debug|Any CPU
		{98B01DE9-D6BA-4F3F-88B0-B3EEF32A1EF5}.Release|Any CPU.ActiveCfg = Release|Any CPU
		{98B01DE9-D6BA-4F3F-88B0-B3EEF32A1EF5}.Release|Any CPU.Build.0 = Release|Any CPU
	EndGlobalSection
EndGlobal
